
Microsoft Visual Studio Solution File, Format Version 12.00
# Visual Studio Version 17
VisualStudioVersion = 17.4.33205.214
MinimumVisualStudioVersion = 10.0.40219.1
Project("{FAE04EC0-301F-11D3-BF4B-00C04F79EFBC}") = "licao19", "licao19\licao19.csproj", "{5E08D86C-C085-40FA-86B5-14F9644FBAC8}"
EndProject
Global
	GlobalSection(SolutionConfigurationPlatforms) = preSolution
		Debug|Any CPU = Debug|Any CPU
		Release|Any CPU = Release|Any CPU
	EndGlobalSection
	GlobalSection(ProjectConfigurationPlatforms) = postSolution
		{5E08D86C-C085-40FA-86B5-14F9644FBAC8}.Debug|Any CPU.ActiveCfg = Debug|Any CPU
		{5E08D86C-C085-40FA-86B5-14F9644FBAC8}.Debug|Any CPU.Build.0 = Debug|Any CPU
		{5E08D86C-C085-40FA-86B5-14F9644FBAC8}.Release|Any CPU.ActiveCfg = Release|Any CPU
		{5E08D86C-C085-40FA-86B5-14F9644FBAC8}.Release|Any CPU.Build.0 = Release|Any CPU
	EndGlobalSection
	GlobalSection(SolutionProperties) = preSolution
		HideSolutionNode = FALSE
	EndGlobalSection
	GlobalSection(ExtensibilityGlobals) = postSolution
		SolutionGuid = {D45757D2-589B-4511-B150-94177ABA338E}
	EndGlobalSection
EndGlobal
