
Microsoft Visual Studio Solution File, Format Version 12.00
# Visual Studio Version 17
VisualStudioVersion = 17.4.33205.214
MinimumVisualStudioVersion = 10.0.40219.1
Project("{FAE04EC0-301F-11D3-BF4B-00C04F79EFBC}") = "licao16", "licao16\licao16.csproj", "{AC6BFE11-B914-4E79-9FD7-39197BC2A022}"
EndProject
Global
	GlobalSection(SolutionConfigurationPlatforms) = preSolution
		Debug|Any CPU = Debug|Any CPU
		Release|Any CPU = Release|Any CPU
	EndGlobalSection
	GlobalSection(ProjectConfigurationPlatforms) = postSolution
		{AC6BFE11-B914-4E79-9FD7-39197BC2A022}.Debug|Any CPU.ActiveCfg = Debug|Any CPU
		{AC6BFE11-B914-4E79-9FD7-39197BC2A022}.Debug|Any CPU.Build.0 = Debug|Any CPU
		{AC6BFE11-B914-4E79-9FD7-39197BC2A022}.Release|Any CPU.ActiveCfg = Release|Any CPU
		{AC6BFE11-B914-4E79-9FD7-39197BC2A022}.Release|Any CPU.Build.0 = Release|Any CPU
	EndGlobalSection
	GlobalSection(SolutionProperties) = preSolution
		HideSolutionNode = FALSE
	EndGlobalSection
	GlobalSection(ExtensibilityGlobals) = postSolution
		SolutionGuid = {4E96A77B-1BBF-4EE2-B919-1BE6DCC8F0C5}
	EndGlobalSection
EndGlobal
