
Microsoft Visual Studio Solution File, Format Version 12.00
# Visual Studio Version 17
VisualStudioVersion = 17.8.34004.107
MinimumVisualStudioVersion = 10.0.40219.1
Project("{FAE04EC0-301F-11D3-BF4B-00C04F79EFBC}") = "ApiStore", "ApiStore\ApiStore.csproj", "{FB6D0477-12BE-4252-BA2A-3167CD8CDA2C}"
EndProject
Global
	GlobalSection(SolutionConfigurationPlatforms) = preSolution
		Debug|Any CPU = Debug|Any CPU
		Release|Any CPU = Release|Any CPU
	EndGlobalSection
	GlobalSection(ProjectConfigurationPlatforms) = postSolution
		{FB6D0477-12BE-4252-BA2A-3167CD8CDA2C}.Debug|Any CPU.ActiveCfg = Debug|Any CPU
		{FB6D0477-12BE-4252-BA2A-3167CD8CDA2C}.Debug|Any CPU.Build.0 = Debug|Any CPU
		{FB6D0477-12BE-4252-BA2A-3167CD8CDA2C}.Release|Any CPU.ActiveCfg = Release|Any CPU
		{FB6D0477-12BE-4252-BA2A-3167CD8CDA2C}.Release|Any CPU.Build.0 = Release|Any CPU
	EndGlobalSection
	GlobalSection(SolutionProperties) = preSolution
		HideSolutionNode = FALSE
	EndGlobalSection
	GlobalSection(ExtensibilityGlobals) = postSolution
		SolutionGuid = {2895A957-41F3-43EF-8B6E-823361B3B029}
	EndGlobalSection
EndGlobal
