
Microsoft Visual Studio Solution File, Format Version 12.00
# Visual Studio Version 17
VisualStudioVersion = 17.4.33205.214
MinimumVisualStudioVersion = 10.0.40219.1
Project("{FAE04EC0-301F-11D3-BF4B-00C04F79EFBC}") = "licao14", "licao14\licao14.csproj", "{DF44F1BC-0B43-43FD-89AA-FD5361AD01E2}"
EndProject
Global
	GlobalSection(SolutionConfigurationPlatforms) = preSolution
		Debug|Any CPU = Debug|Any CPU
		Release|Any CPU = Release|Any CPU
	EndGlobalSection
	GlobalSection(ProjectConfigurationPlatforms) = postSolution
		{DF44F1BC-0B43-43FD-89AA-FD5361AD01E2}.Debug|Any CPU.ActiveCfg = Debug|Any CPU
		{DF44F1BC-0B43-43FD-89AA-FD5361AD01E2}.Debug|Any CPU.Build.0 = Debug|Any CPU
		{DF44F1BC-0B43-43FD-89AA-FD5361AD01E2}.Release|Any CPU.ActiveCfg = Release|Any CPU
		{DF44F1BC-0B43-43FD-89AA-FD5361AD01E2}.Release|Any CPU.Build.0 = Release|Any CPU
	EndGlobalSection
	GlobalSection(SolutionProperties) = preSolution
		HideSolutionNode = FALSE
	EndGlobalSection
	GlobalSection(ExtensibilityGlobals) = postSolution
		SolutionGuid = {29EFC2B4-DC7A-4145-BF42-EDA48B8EFFE7}
	EndGlobalSection
EndGlobal
