
Microsoft Visual Studio Solution File, Format Version 12.00
# Visual Studio Version 17
VisualStudioVersion = 17.8.34004.107
MinimumVisualStudioVersion = 10.0.40219.1
Project("{FAE04EC0-301F-11D3-BF4B-00C04F79EFBC}") = "UsuariosApi-Identity", "UsuariosApi-Identity\UsuariosApi-Identity.csproj", "{82421095-0F57-475B-8CB5-261EDA9B1971}"
EndProject
Global
	GlobalSection(SolutionConfigurationPlatforms) = preSolution
		Debug|Any CPU = Debug|Any CPU
		Release|Any CPU = Release|Any CPU
	EndGlobalSection
	GlobalSection(ProjectConfigurationPlatforms) = postSolution
		{82421095-0F57-475B-8CB5-261EDA9B1971}.Debug|Any CPU.ActiveCfg = Debug|Any CPU
		{82421095-0F57-475B-8CB5-261EDA9B1971}.Debug|Any CPU.Build.0 = Debug|Any CPU
		{82421095-0F57-475B-8CB5-261EDA9B1971}.Release|Any CPU.ActiveCfg = Release|Any CPU
		{82421095-0F57-475B-8CB5-261EDA9B1971}.Release|Any CPU.Build.0 = Release|Any CPU
	EndGlobalSection
	GlobalSection(SolutionProperties) = preSolution
		HideSolutionNode = FALSE
	EndGlobalSection
	GlobalSection(ExtensibilityGlobals) = postSolution
		SolutionGuid = {6A7D6B01-C511-4CB8-94FD-343D88714FAB}
	EndGlobalSection
EndGlobal
