
Microsoft Visual Studio Solution File, Format Version 12.00
# Visual Studio Version 17
VisualStudioVersion = 17.4.33205.214
MinimumVisualStudioVersion = 10.0.40219.1
Project("{FAE04EC0-301F-11D3-BF4B-00C04F79EFBC}") = "licao22", "licao22\licao22.csproj", "{EA711808-4336-4F4B-98BD-9F4052A4DE39}"
EndProject
Global
	GlobalSection(SolutionConfigurationPlatforms) = preSolution
		Debug|Any CPU = Debug|Any CPU
		Release|Any CPU = Release|Any CPU
	EndGlobalSection
	GlobalSection(ProjectConfigurationPlatforms) = postSolution
		{EA711808-4336-4F4B-98BD-9F4052A4DE39}.Debug|Any CPU.ActiveCfg = Debug|Any CPU
		{EA711808-4336-4F4B-98BD-9F4052A4DE39}.Debug|Any CPU.Build.0 = Debug|Any CPU
		{EA711808-4336-4F4B-98BD-9F4052A4DE39}.Release|Any CPU.ActiveCfg = Release|Any CPU
		{EA711808-4336-4F4B-98BD-9F4052A4DE39}.Release|Any CPU.Build.0 = Release|Any CPU
	EndGlobalSection
	GlobalSection(SolutionProperties) = preSolution
		HideSolutionNode = FALSE
	EndGlobalSection
	GlobalSection(ExtensibilityGlobals) = postSolution
		SolutionGuid = {BA2894FC-199A-4A39-9006-C6F0935C2E75}
	EndGlobalSection
EndGlobal
