
Microsoft Visual Studio Solution File, Format Version 12.00
# Visual Studio Version 17
VisualStudioVersion = 17.4.33205.214
MinimumVisualStudioVersion = 10.0.40219.1
Project("{FAE04EC0-301F-11D3-BF4B-00C04F79EFBC}") = "LiçãoNumero1", "LiçãoNumero1\LiçãoNumero1.csproj", "{1107F738-B115-452C-B8FD-AFFB21AB2B54}"
EndProject
Global
	GlobalSection(SolutionConfigurationPlatforms) = preSolution
		Debug|Any CPU = Debug|Any CPU
		Release|Any CPU = Release|Any CPU
	EndGlobalSection
	GlobalSection(ProjectConfigurationPlatforms) = postSolution
		{1107F738-B115-452C-B8FD-AFFB21AB2B54}.Debug|Any CPU.ActiveCfg = Debug|Any CPU
		{1107F738-B115-452C-B8FD-AFFB21AB2B54}.Debug|Any CPU.Build.0 = Debug|Any CPU
		{1107F738-B115-452C-B8FD-AFFB21AB2B54}.Release|Any CPU.ActiveCfg = Release|Any CPU
		{1107F738-B115-452C-B8FD-AFFB21AB2B54}.Release|Any CPU.Build.0 = Release|Any CPU
	EndGlobalSection
	GlobalSection(SolutionProperties) = preSolution
		HideSolutionNode = FALSE
	EndGlobalSection
	GlobalSection(ExtensibilityGlobals) = postSolution
		SolutionGuid = {CBBDA4A0-007B-46C8-B3E9-77DB0176BE22}
	EndGlobalSection
EndGlobal
